
Microsoft Visual Studio Solution File, Format Version 12.00
# Visual Studio Version 16
VisualStudioVersion = 16.0.33328.57
MinimumVisualStudioVersion = 10.0.40219.1
Project("{FAE04EC0-301F-11D3-BF4B-00C04F79EFBC}") = "Linq", "Linq\Linq.csproj", "{04FC971E-42E0-4730-BEB5-2DDA2D7BC702}"
EndProject
Global
	GlobalSection(SolutionConfigurationPlatforms) = preSolution
		Debug|Any CPU = Debug|Any CPU
		Release|Any CPU = Release|Any CPU
	EndGlobalSection
	GlobalSection(ProjectConfigurationPlatforms) = postSolution
		{04FC971E-42E0-4730-BEB5-2DDA2D7BC702}.Debug|Any CPU.ActiveCfg = Debug|Any CPU
		{04FC971E-42E0-4730-BEB5-2DDA2D7BC702}.Debug|Any CPU.Build.0 = Debug|Any CPU
		{04FC971E-42E0-4730-BEB5-2DDA2D7BC702}.Release|Any CPU.ActiveCfg = Release|Any CPU
		{04FC971E-42E0-4730-BEB5-2DDA2D7BC702}.Release|Any CPU.Build.0 = Release|Any CPU
	EndGlobalSection
	GlobalSection(SolutionProperties) = preSolution
		HideSolutionNode = FALSE
	EndGlobalSection
	GlobalSection(ExtensibilityGlobals) = postSolution
		SolutionGuid = {F343F628-3DEC-49F2-89F7-F6F7479877BB}
	EndGlobalSection
EndGlobal
